// !$*UTF8*$!
{
	archiveVersion = 1;
	classes = {
	};
	objectVersion = 46;
	objects = {

/* Begin PBXBuildFile section */
		C67229641EA68CAB00F283C1 /* AppDelegate.swift in Sources */ = {isa = PBXBuildFile; fileRef = C67229631EA68CAB00F283C1 /* AppDelegate.swift */; };
		C672296A1EA68CAC00F283C1 /* GameScene.swift in Sources */ = {isa = PBXBuildFile; fileRef = C67229691EA68CAC00F283C1 /* GameScene.swift */; };
		C672296C1EA68CAC00F283C1 /* GameViewController.swift in Sources */ = {isa = PBXBuildFile; fileRef = C672296B1EA68CAC00F283C1 /* GameViewController.swift */; };
		C672296F1EA68CAC00F283C1 /* Main.storyboard in Resources */ = {isa = PBXBuildFile; fileRef = C672296D1EA68CAC00F283C1 /* Main.storyboard */; };
		C67229711EA68CAC00F283C1 /* Assets.xcassets in Resources */ = {isa = PBXBuildFile; fileRef = C67229701EA68CAC00F283C1 /* Assets.xcassets */; };
		C67229741EA68CAC00F283C1 /* LaunchScreen.storyboard in Resources */ = {isa = PBXBuildFile; fileRef = C67229721EA68CAC00F283C1 /* LaunchScreen.storyboard */; };
		C672297F1EA68CAD00F283C1 /* piNumberTests.swift in Sources */ = {isa = PBXBuildFile; fileRef = C672297E1EA68CAD00F283C1 /* piNumberTests.swift */; };
		C672298A1EA68CAE00F283C1 /* piNumberUITests.swift in Sources */ = {isa = PBXBuildFile; fileRef = C67229891EA68CAE00F283C1 /* piNumberUITests.swift */; };
		C67229981EA69D0000F283C1 /* pi.swift in Sources */ = {isa = PBXBuildFile; fileRef = C67229971EA69CFF00F283C1 /* pi.swift */; };
/* End PBXBuildFile section */

/* Begin PBXContainerItemProxy section */
		C672297B1EA68CAD00F283C1 /* PBXContainerItemProxy */ = {
			isa = PBXContainerItemProxy;
			containerPortal = C67229581EA68CAA00F283C1 /* Project object */;
			proxyType = 1;
			remoteGlobalIDString = C672295F1EA68CAB00F283C1;
			remoteInfo = piNumber;
		};
		C67229861EA68CAE00F283C1 /* PBXContainerItemProxy */ = {
			isa = PBXContainerItemProxy;
			containerPortal = C67229581EA68CAA00F283C1 /* Project object */;
			proxyType = 1;
			remoteGlobalIDString = C672295F1EA68CAB00F283C1;
			remoteInfo = piNumber;
		};
/* End PBXContainerItemProxy section */

/* Begin PBXFileReference section */
		C67229601EA68CAB00F283C1 /* piNumber.app */ = {isa = PBXFileReference; explicitFileType = wrapper.application; includeInIndex = 0; path = piNumber.app; sourceTree = BUILT_PRODUCTS_DIR; };
		C67229631EA68CAB00F283C1 /* AppDelegate.swift */ = {isa = PBXFileReference; lastKnownFileType = sourcecode.swift; path = AppDelegate.swift; sourceTree = "<group>"; };
		C67229691EA68CAC00F283C1 /* GameScene.swift */ = {isa = PBXFileReference; lastKnownFileType = sourcecode.swift; path = GameScene.swift; sourceTree = "<group>"; };
		C672296B1EA68CAC00F283C1 /* GameViewController.swift */ = {isa = PBXFileReference; lastKnownFileType = sourcecode.swift; path = GameViewController.swift; sourceTree = "<group>"; };
		C672296E1EA68CAC00F283C1 /* Base */ = {isa = PBXFileReference; lastKnownFileType = file.storyboard; name = Base; path = Base.lproj/Main.storyboard; sourceTree = "<group>"; };
		C67229701EA68CAC00F283C1 /* Assets.xcassets */ = {isa = PBXFileReference; lastKnownFileType = folder.assetcatalog; path = Assets.xcassets; sourceTree = "<group>"; };
		C67229731EA68CAC00F283C1 /* Base */ = {isa = PBXFileReference; lastKnownFileType = file.storyboard; name = Base; path = Base.lproj/LaunchScreen.storyboard; sourceTree = "<group>"; };
		C67229751EA68CAC00F283C1 /* Info.plist */ = {isa = PBXFileReference; lastKnownFileType = text.plist.xml; path = Info.plist; sourceTree = "<group>"; };
		C672297A1EA68CAD00F283C1 /* piNumberTests.xctest */ = {isa = PBXFileReference; explicitFileType = wrapper.cfbundle; includeInIndex = 0; path = piNumberTests.xctest; sourceTree = BUILT_PRODUCTS_DIR; };
		C672297E1EA68CAD00F283C1 /* piNumberTests.swift */ = {isa = PBXFileReference; lastKnownFileType = sourcecode.swift; path = piNumberTests.swift; sourceTree = "<group>"; };
		C67229801EA68CAD00F283C1 /* Info.plist */ = {isa = PBXFileReference; lastKnownFileType = text.plist.xml; path = Info.plist; sourceTree = "<group>"; };
		C67229851EA68CAE00F283C1 /* piNumberUITests.xctest */ = {isa = PBXFileReference; explicitFileType = wrapper.cfbundle; includeInIndex = 0; path = piNumberUITests.xctest; sourceTree = BUILT_PRODUCTS_DIR; };
		C67229891EA68CAE00F283C1 /* piNumberUITests.swift */ = {isa = PBXFileReference; lastKnownFileType = sourcecode.swift; path = piNumberUITests.swift; sourceTree = "<group>"; };
		C672298B1EA68CAE00F283C1 /* Info.plist */ = {isa = PBXFileReference; lastKnownFileType = text.plist.xml; path = Info.plist; sourceTree = "<group>"; };
		C67229971EA69CFF00F283C1 /* pi.swift */ = {isa = PBXFileReference; fileEncoding = 4; lastKnownFileType = sourcecode.swift; path = pi.swift; sourceTree = "<group>"; };
/* End PBXFileReference section */

/* Begin PBXFrameworksBuildPhase section */
		C672295D1EA68CAB00F283C1 /* Frameworks */ = {
			isa = PBXFrameworksBuildPhase;
			buildActionMask = 2147483647;
			files = (
			);
			runOnlyForDeploymentPostprocessing = 0;
		};
		C67229771EA68CAD00F283C1 /* Frameworks */ = {
			isa = PBXFrameworksBuildPhase;
			buildActionMask = 2147483647;
			files = (
			);
			runOnlyForDeploymentPostprocessing = 0;
		};
		C67229821EA68CAE00F283C1 /* Frameworks */ = {
			isa = PBXFrameworksBuildPhase;
			buildActionMask = 2147483647;
			files = (
			);
			runOnlyForDeploymentPostprocessing = 0;
		};
/* End PBXFrameworksBuildPhase section */

/* Begin PBXGroup section */
		C67229571EA68CAA00F283C1 = {
			isa = PBXGroup;
			children = (
				C67229621EA68CAB00F283C1 /* piNumber */,
				C672297D1EA68CAD00F283C1 /* piNumberTests */,
				C67229881EA68CAE00F283C1 /* piNumberUITests */,
				C67229611EA68CAB00F283C1 /* Products */,
			);
			sourceTree = "<group>";
		};
		C67229611EA68CAB00F283C1 /* Products */ = {
			isa = PBXGroup;
			children = (
				C67229601EA68CAB00F283C1 /* piNumber.app */,
				C672297A1EA68CAD00F283C1 /* piNumberTests.xctest */,
				C67229851EA68CAE00F283C1 /* piNumberUITests.xctest */,
			);
			name = Products;
			sourceTree = "<group>";
		};
		C67229621EA68CAB00F283C1 /* piNumber */ = {
			isa = PBXGroup;
			children = (
				C67229631EA68CAB00F283C1 /* AppDelegate.swift */,
				C67229691EA68CAC00F283C1 /* GameScene.swift */,
				C672296B1EA68CAC00F283C1 /* GameViewController.swift */,
				C672296D1EA68CAC00F283C1 /* Main.storyboard */,
				C67229701EA68CAC00F283C1 /* Assets.xcassets */,
				C67229721EA68CAC00F283C1 /* LaunchScreen.storyboard */,
				C67229751EA68CAC00F283C1 /* Info.plist */,
				C67229971EA69CFF00F283C1 /* pi.swift */,
			);
			path = piNumber;
			sourceTree = "<group>";
		};
		C672297D1EA68CAD00F283C1 /* piNumberTests */ = {
			isa = PBXGroup;
			children = (
				C672297E1EA68CAD00F283C1 /* piNumberTests.swift */,
				C67229801EA68CAD00F283C1 /* Info.plist */,
			);
			path = piNumberTests;
			sourceTree = "<group>";
		};
		C67229881EA68CAE00F283C1 /* piNumberUITests */ = {
			isa = PBXGroup;
			children = (
				C67229891EA68CAE00F283C1 /* piNumberUITests.swift */,
				C672298B1EA68CAE00F283C1 /* Info.plist */,
			);
			path = piNumberUITests;
			sourceTree = "<group>";
		};
/* End PBXGroup section */

/* Begin PBXNativeTarget section */
		C672295F1EA68CAB00F283C1 /* piNumber */ = {
			isa = PBXNativeTarget;
			buildConfigurationList = C672298E1EA68CAE00F283C1 /* Build configuration list for PBXNativeTarget "piNumber" */;
			buildPhases = (
				C672295C1EA68CAB00F283C1 /* Sources */,
				C672295D1EA68CAB00F283C1 /* Frameworks */,
				C672295E1EA68CAB00F283C1 /* Resources */,
			);
			buildRules = (
			);
			dependencies = (
			);
			name = piNumber;
			productName = piNumber;
			productReference = C67229601EA68CAB00F283C1 /* piNumber.app */;
			productType = "com.apple.product-type.application";
		};
		C67229791EA68CAD00F283C1 /* piNumberTests */ = {
			isa = PBXNativeTarget;
			buildConfigurationList = C67229911EA68CAE00F283C1 /* Build configuration list for PBXNativeTarget "piNumberTests" */;
			buildPhases = (
				C67229761EA68CAD00F283C1 /* Sources */,
				C67229771EA68CAD00F283C1 /* Frameworks */,
				C67229781EA68CAD00F283C1 /* Resources */,
			);
			buildRules = (
			);
			dependencies = (
				C672297C1EA68CAD00F283C1 /* PBXTargetDependency */,
			);
			name = piNumberTests;
			productName = piNumberTests;
			productReference = C672297A1EA68CAD00F283C1 /* piNumberTests.xctest */;
			productType = "com.apple.product-type.bundle.unit-test";
		};
		C67229841EA68CAE00F283C1 /* piNumberUITests */ = {
			isa = PBXNativeTarget;
			buildConfigurationList = C67229941EA68CAE00F283C1 /* Build configuration list for PBXNativeTarget "piNumberUITests" */;
			buildPhases = (
				C67229811EA68CAE00F283C1 /* Sources */,
				C67229821EA68CAE00F283C1 /* Frameworks */,
				C67229831EA68CAE00F283C1 /* Resources */,
			);
			buildRules = (
			);
			dependencies = (
				C67229871EA68CAE00F283C1 /* PBXTargetDependency */,
			);
			name = piNumberUITests;
			productName = piNumberUITests;
			productReference = C67229851EA68CAE00F283C1 /* piNumberUITests.xctest */;
			productType = "com.apple.product-type.bundle.ui-testing";
		};
/* End PBXNativeTarget section */

/* Begin PBXProject section */
		C67229581EA68CAA00F283C1 /* Project object */ = {
			isa = PBXProject;
			attributes = {
				LastSwiftUpdateCheck = 0830;
				LastUpgradeCheck = 0830;
				ORGANIZATIONNAME = SMORE;
				TargetAttributes = {
					C672295F1EA68CAB00F283C1 = {
						CreatedOnToolsVersion = 8.3;
						DevelopmentTeam = 87F8UA72LP;
						ProvisioningStyle = Automatic;
					};
					C67229791EA68CAD00F283C1 = {
						CreatedOnToolsVersion = 8.3;
						ProvisioningStyle = Automatic;
						TestTargetID = C672295F1EA68CAB00F283C1;
					};
					C67229841EA68CAE00F283C1 = {
						CreatedOnToolsVersion = 8.3;
						ProvisioningStyle = Automatic;
						TestTargetID = C672295F1EA68CAB00F283C1;
					};
				};
			};
			buildConfigurationList = C672295B1EA68CAA00F283C1 /* Build configuration list for PBXProject "piNumber" */;
			compatibilityVersion = "Xcode 3.2";
			developmentRegion = English;
			hasScannedForEncodings = 0;
			knownRegions = (
				en,
				Base,
			);
			mainGroup = C67229571EA68CAA00F283C1;
			productRefGroup = C67229611EA68CAB00F283C1 /* Products */;
			projectDirPath = "";
			projectRoot = "";
			targets = (
				C672295F1EA68CAB00F283C1 /* piNumber */,
				C67229791EA68CAD00F283C1 /* piNumberTests */,
				C67229841EA68CAE00F283C1 /* piNumberUITests */,
			);
		};
/* End PBXProject section */

/* Begin PBXResourcesBuildPhase section */
		C672295E1EA68CAB00F283C1 /* Resources */ = {
			isa = PBXResourcesBuildPhase;
			buildActionMask = 2147483647;
			files = (
				C672296F1EA68CAC00F283C1 /* Main.storyboard in Resources */,
				C67229711EA68CAC00F283C1 /* Assets.xcassets in Resources */,
				C67229741EA68CAC00F283C1 /* LaunchScreen.storyboard in Resources */,
			);
			runOnlyForDeploymentPostprocessing = 0;
		};
		C67229781EA68CAD00F283C1 /* Resources */ = {
			isa = PBXResourcesBuildPhase;
			buildActionMask = 2147483647;
			files = (
			);
			runOnlyForDeploymentPostprocessing = 0;
		};
		C67229831EA68CAE00F283C1 /* Resources */ = {
			isa = PBXResourcesBuildPhase;
			buildActionMask = 2147483647;
			files = (
			);
			runOnlyForDeploymentPostprocessing = 0;
		};
/* End PBXResourcesBuildPhase section */

/* Begin PBXSourcesBuildPhase section */
		C672295C1EA68CAB00F283C1 /* Sources */ = {
			isa = PBXSourcesBuildPhase;
			buildActionMask = 2147483647;
			files = (
				C67229981EA69D0000F283C1 /* pi.swift in Sources */,
				C672296A1EA68CAC00F283C1 /* GameScene.swift in Sources */,
				C672296C1EA68CAC00F283C1 /* GameViewController.swift in Sources */,
				C67229641EA68CAB00F283C1 /* AppDelegate.swift in Sources */,
			);
			runOnlyForDeploymentPostprocessing = 0;
		};
		C67229761EA68CAD00F283C1 /* Sources */ = {
			isa = PBXSourcesBuildPhase;
			buildActionMask = 2147483647;
			files = (
				C672297F1EA68CAD00F283C1 /* piNumberTests.swift in Sources */,
			);
			runOnlyForDeploymentPostprocessing = 0;
		};
		C67229811EA68CAE00F283C1 /* Sources */ = {
			isa = PBXSourcesBuildPhase;
			buildActionMask = 2147483647;
			files = (
				C672298A1EA68CAE00F283C1 /* piNumberUITests.swift in Sources */,
			);
			runOnlyForDeploymentPostprocessing = 0;
		};
/* End PBXSourcesBuildPhase section */

/* Begin PBXTargetDependency section */
		C672297C1EA68CAD00F283C1 /* PBXTargetDependency */ = {
			isa = PBXTargetDependency;
			target = C672295F1EA68CAB00F283C1 /* piNumber */;
			targetProxy = C672297B1EA68CAD00F283C1 /* PBXContainerItemProxy */;
		};
		C67229871EA68CAE00F283C1 /* PBXTargetDependency */ = {
			isa = PBXTargetDependency;
			target = C672295F1EA68CAB00F283C1 /* piNumber */;
			targetProxy = C67229861EA68CAE00F283C1 /* PBXContainerItemProxy */;
		};
/* End PBXTargetDependency section */

/* Begin PBXVariantGroup section */
		C672296D1EA68CAC00F283C1 /* Main.storyboard */ = {
			isa = PBXVariantGroup;
			children = (
				C672296E1EA68CAC00F283C1 /* Base */,
			);
			name = Main.storyboard;
			sourceTree = "<group>";
		};
		C67229721EA68CAC00F283C1 /* LaunchScreen.storyboard */ = {
			isa = PBXVariantGroup;
			children = (
				C67229731EA68CAC00F283C1 /* Base */,
			);
			name = LaunchScreen.storyboard;
			sourceTree = "<group>";
		};
/* End PBXVariantGroup section */

/* Begin XCBuildConfiguration section */
		C672298C1EA68CAE00F283C1 /* Debug */ = {
			isa = XCBuildConfiguration;
			buildSettings = {
				ALWAYS_SEARCH_USER_PATHS = NO;
				CLANG_ANALYZER_NONNULL = YES;
				CLANG_ANALYZER_NUMBER_OBJECT_CONVERSION = YES_AGGRESSIVE;
				CLANG_CXX_LANGUAGE_STANDARD = "gnu++0x";
				CLANG_CXX_LIBRARY = "libc++";
				CLANG_ENABLE_MODULES = YES;
				CLANG_ENABLE_OBJC_ARC = YES;
				CLANG_WARN_BOOL_CONVERSION = YES;
				CLANG_WARN_CONSTANT_CONVERSION = YES;
				CLANG_WARN_DIRECT_OBJC_ISA_USAGE = YES_ERROR;
				CLANG_WARN_DOCUMENTATION_COMMENTS = YES;
				CLANG_WARN_EMPTY_BODY = YES;
				CLANG_WARN_ENUM_CONVERSION = YES;
				CLANG_WARN_INFINITE_RECURSION = YES;
				CLANG_WARN_INT_CONVERSION = YES;
				CLANG_WARN_OBJC_ROOT_CLASS = YES_ERROR;
				CLANG_WARN_SUSPICIOUS_MOVE = YES;
				CLANG_WARN_UNREACHABLE_CODE = YES;
				CLANG_WARN__DUPLICATE_METHOD_MATCH = YES;
				"CODE_SIGN_IDENTITY[sdk=iphoneos*]" = "iPhone Developer";
				COPY_PHASE_STRIP = NO;
				DEBUG_INFORMATION_FORMAT = dwarf;
				ENABLE_STRICT_OBJC_MSGSEND = YES;
				ENABLE_TESTABILITY = YES;
				GCC_C_LANGUAGE_STANDARD = gnu99;
				GCC_DYNAMIC_NO_PIC = NO;
				GCC_NO_COMMON_BLOCKS = YES;
				GCC_OPTIMIZATION_LEVEL = 0;
				GCC_PREPROCESSOR_DEFINITIONS = (
					"DEBUG=1",
					"$(inherited)",
				);
				GCC_WARN_64_TO_32_BIT_CONVERSION = YES;
				GCC_WARN_ABOUT_RETURN_TYPE = YES_ERROR;
				GCC_WARN_UNDECLARED_SELECTOR = YES;
				GCC_WARN_UNINITIALIZED_AUTOS = YES_AGGRESSIVE;
				GCC_WARN_UNUSED_FUNCTION = YES;
				GCC_WARN_UNUSED_VARIABLE = YES;
				IPHONEOS_DEPLOYMENT_TARGET = 10.3;
				MTL_ENABLE_DEBUG_INFO = YES;
				ONLY_ACTIVE_ARCH = YES;
				SDKROOT = iphoneos;
				SWIFT_ACTIVE_COMPILATION_CONDITIONS = DEBUG;
				SWIFT_OPTIMIZATION_LEVEL = "-Onone";
			};
			name = Debug;
		};
		C672298D1EA68CAE00F283C1 /* Release */ = {
			isa = XCBuildConfiguration;
			buildSettings = {
				ALWAYS_SEARCH_USER_PATHS = NO;
				CLANG_ANALYZER_NONNULL = YES;
				CLANG_ANALYZER_NUMBER_OBJECT_CONVERSION = YES_AGGRESSIVE;
				CLANG_CXX_LANGUAGE_STANDARD = "gnu++0x";
				CLANG_CXX_LIBRARY = "libc++";
				CLANG_ENABLE_MODULES = YES;
				CLANG_ENABLE_OBJC_ARC = YES;
				CLANG_WARN_BOOL_CONVERSION = YES;
				CLANG_WARN_CONSTANT_CONVERSION = YES;
				CLANG_WARN_DIRECT_OBJC_ISA_USAGE = YES_ERROR;
				CLANG_WARN_DOCUMENTATION_COMMENTS = YES;
				CLANG_WARN_EMPTY_BODY = YES;
				CLANG_WARN_ENUM_CONVERSION = YES;
				CLANG_WARN_INFINITE_RECURSION = YES;
				CLANG_WARN_INT_CONVERSION = YES;
				CLANG_WARN_OBJC_ROOT_CLASS = YES_ERROR;
				CLANG_WARN_SUSPICIOUS_MOVE = YES;
				CLANG_WARN_UNREACHABLE_CODE = YES;
				CLANG_WARN__DUPLICATE_METHOD_MATCH = YES;
				"CODE_SIGN_IDENTITY[sdk=iphoneos*]" = "iPhone Developer";
				COPY_PHASE_STRIP = NO;
				DEBUG_INFORMATION_FORMAT = "dwarf-with-dsym";
				ENABLE_NS_ASSERTIONS = NO;
				ENABLE_STRICT_OBJC_MSGSEND = YES;
				GCC_C_LANGUAGE_STANDARD = gnu99;
				GCC_NO_COMMON_BLOCKS = YES;
				GCC_WARN_64_TO_32_BIT_CONVERSION = YES;
				GCC_WARN_ABOUT_RETURN_TYPE = YES_ERROR;
				GCC_WARN_UNDECLARED_SELECTOR = YES;
				GCC_WARN_UNINITIALIZED_AUTOS = YES_AGGRESSIVE;
				GCC_WARN_UNUSED_FUNCTION = YES;
				GCC_WARN_UNUSED_VARIABLE = YES;
				IPHONEOS_DEPLOYMENT_TARGET = 10.3;
				MTL_ENABLE_DEBUG_INFO = NO;
				SDKROOT = iphoneos;
				SWIFT_OPTIMIZATION_LEVEL = "-Owholemodule";
				VALIDATE_PRODUCT = YES;
			};
			name = Release;
		};
		C672298F1EA68CAE00F283C1 /* Debug */ = {
			isa = XCBuildConfiguration;
			buildSettings = {
				ASSETCATALOG_COMPILER_APPICON_NAME = AppIcon;
				DEVELOPMENT_TEAM = 87F8UA72LP;
				INFOPLIST_FILE = piNumber/Info.plist;
				LD_RUNPATH_SEARCH_PATHS = "$(inherited) @executable_path/Frameworks";
				PRODUCT_BUNDLE_IDENTIFIER = sa.edu.uqu.cis.piNumber;
				PRODUCT_NAME = "$(TARGET_NAME)";
				SWIFT_VERSION = 3.0;
			};
			name = Debug;
		};
		C67229901EA68CAE00F283C1 /* Release */ = {
			isa = XCBuildConfiguration;
			buildSettings = {
				ASSETCATALOG_COMPILER_APPICON_NAME = AppIcon;
				DEVELOPMENT_TEAM = 87F8UA72LP;
				INFOPLIST_FILE = piNumber/Info.plist;
				LD_RUNPATH_SEARCH_PATHS = "$(inherited) @executable_path/Frameworks";
				PRODUCT_BUNDLE_IDENTIFIER = sa.edu.uqu.cis.piNumber;
				PRODUCT_NAME = "$(TARGET_NAME)";
				SWIFT_VERSION = 3.0;
			};
			name = Release;
		};
		C67229921EA68CAE00F283C1 /* Debug */ = {
			isa = XCBuildConfiguration;
			buildSettings = {
				ALWAYS_EMBED_SWIFT_STANDARD_LIBRARIES = YES;
				BUNDLE_LOADER = "$(TEST_HOST)";
				INFOPLIST_FILE = piNumberTests/Info.plist;
				LD_RUNPATH_SEARCH_PATHS = "$(inherited) @executable_path/Frameworks @loader_path/Frameworks";
				PRODUCT_BUNDLE_IDENTIFIER = sa.edu.uqu.cis.piNumberTests;
				PRODUCT_NAME = "$(TARGET_NAME)";
				SWIFT_VERSION = 3.0;
				TEST_HOST = "$(BUILT_PRODUCTS_DIR)/piNumber.app/piNumber";
			};
			name = Debug;
		};
		C67229931EA68CAE00F283C1 /* Release */ = {
			isa = XCBuildConfiguration;
			buildSettings = {
				ALWAYS_EMBED_SWIFT_STANDARD_LIBRARIES = YES;
				BUNDLE_LOADER = "$(TEST_HOST)";
				INFOPLIST_FILE = piNumberTests/Info.plist;
				LD_RUNPATH_SEARCH_PATHS = "$(inherited) @executable_path/Frameworks @loader_path/Frameworks";
				PRODUCT_BUNDLE_IDENTIFIER = sa.edu.uqu.cis.piNumberTests;
				PRODUCT_NAME = "$(TARGET_NAME)";
				SWIFT_VERSION = 3.0;
				TEST_HOST = "$(BUILT_PRODUCTS_DIR)/piNumber.app/piNumber";
			};
			name = Release;
		};
		C67229951EA68CAE00F283C1 /* Debug */ = {
			isa = XCBuildConfiguration;
			buildSettings = {
				ALWAYS_EMBED_SWIFT_STANDARD_LIBRARIES = YES;
				INFOPLIST_FILE = piNumberUITests/Info.plist;
				LD_RUNPATH_SEARCH_PATHS = "$(inherited) @executable_path/Frameworks @loader_path/Frameworks";
				PRODUCT_BUNDLE_IDENTIFIER = sa.edu.uqu.cis.piNumberUITests;
				PRODUCT_NAME = "$(TARGET_NAME)";
				SWIFT_VERSION = 3.0;
				TEST_TARGET_NAME = piNumber;
			};
			name = Debug;
		};
		C67229961EA68CAE00F283C1 /* Release */ = {
			isa = XCBuildConfiguration;
			buildSettings = {
				ALWAYS_EMBED_SWIFT_STANDARD_LIBRARIES = YES;
				INFOPLIST_FILE = piNumberUITests/Info.plist;
				LD_RUNPATH_SEARCH_PATHS = "$(inherited) @executable_path/Frameworks @loader_path/Frameworks";
				PRODUCT_BUNDLE_IDENTIFIER = sa.edu.uqu.cis.piNumberUITests;
				PRODUCT_NAME = "$(TARGET_NAME)";
				SWIFT_VERSION = 3.0;
				TEST_TARGET_NAME = piNumber;
			};
			name = Release;
		};
/* End XCBuildConfiguration section */

/* Begin XCConfigurationList section */
		C672295B1EA68CAA00F283C1 /* Build configuration list for PBXProject "piNumber" */ = {
			isa = XCConfigurationList;
			buildConfigurations = (
				C672298C1EA68CAE00F283C1 /* Debug */,
				C672298D1EA68CAE00F283C1 /* Release */,
			);
			defaultConfigurationIsVisible = 0;
			defaultConfigurationName = Release;
		};
		C672298E1EA68CAE00F283C1 /* Build configuration list for PBXNativeTarget "piNumber" */ = {
			isa = XCConfigurationList;
			buildConfigurations = (
				C672298F1EA68CAE00F283C1 /* Debug */,
				C67229901EA68CAE00F283C1 /* Release */,
			);
			defaultConfigurationIsVisible = 0;
			defaultConfigurationName = Release;
		};
		C67229911EA68CAE00F283C1 /* Build configuration list for PBXNativeTarget "piNumberTests" */ = {
			isa = XCConfigurationList;
			buildConfigurations = (
				C67229921EA68CAE00F283C1 /* Debug */,
				C67229931EA68CAE00F283C1 /* Release */,
			);
			defaultConfigurationIsVisible = 0;
			defaultConfigurationName = Release;
		};
		C67229941EA68CAE00F283C1 /* Build configuration list for PBXNativeTarget "piNumberUITests" */ = {
			isa = XCConfigurationList;
			buildConfigurations = (
				C67229951EA68CAE00F283C1 /* Debug */,
				C67229961EA68CAE00F283C1 /* Release */,
			);
			defaultConfigurationIsVisible = 0;
			defaultConfigurationName = Release;
		};
/* End XCConfigurationList section */
	};
	rootObject = C67229581EA68CAA00F283C1 /* Project object */;
}
